
Microsoft Visual Studio Solution File, Format Version 12.00
# Visual Studio Version 17
VisualStudioVersion = 17.7.34018.315
MinimumVisualStudioVersion = 10.0.40219.1
Project("{FAE04EC0-301F-11D3-BF4B-00C04F79EFBC}") = "FileSearch", "FileSearch\FileSearch.csproj", "{B4EF1306-7B12-4BB7-95A9-D2818B8B93E6}"
EndProject
Global
	GlobalSection(SolutionConfigurationPlatforms) = preSolution
		Debug|Any CPU = Debug|Any CPU
		Release|Any CPU = Release|Any CPU
	EndGlobalSection
	GlobalSection(ProjectConfigurationPlatforms) = postSolution
		{B4EF1306-7B12-4BB7-95A9-D2818B8B93E6}.Debug|Any CPU.ActiveCfg = Debug|Any CPU
		{B4EF1306-7B12-4BB7-95A9-D2818B8B93E6}.Debug|Any CPU.Build.0 = Debug|Any CPU
		{B4EF1306-7B12-4BB7-95A9-D2818B8B93E6}.Release|Any CPU.ActiveCfg = Release|Any CPU
		{B4EF1306-7B12-4BB7-95A9-D2818B8B93E6}.Release|Any CPU.Build.0 = Release|Any CPU
	EndGlobalSection
	GlobalSection(SolutionProperties) = preSolution
		HideSolutionNode = FALSE
	EndGlobalSection
	GlobalSection(ExtensibilityGlobals) = postSolution
		SolutionGuid = {A36EE618-F0CD-4148-81A5-283A7CFBEAA2}
	EndGlobalSection
EndGlobal
